// !$*UTF8*$!
{
	archiveVersion = 1;
	classes = {
	};
	objectVersion = 46;
	objects = {

/* Begin PBXBuildFile section */
		48A8FEDF1DED69B800624E73 /* main.m in Sources */ = {isa = PBXBuildFile; fileRef = 48A8FEDE1DED69B800624E73 /* main.m */; };
		48A8FEE21DED69B800624E73 /* AppDelegate.m in Sources */ = {isa = PBXBuildFile; fileRef = 48A8FEE11DED69B800624E73 /* AppDelegate.m */; };
		48A8FEEB1DED69B800624E73 /* headerView.xcdatamodeld in Sources */ = {isa = PBXBuildFile; fileRef = 48A8FEE91DED69B800624E73 /* headerView.xcdatamodeld */; };
		48A8FEED1DED69B800624E73 /* Assets.xcassets in Resources */ = {isa = PBXBuildFile; fileRef = 48A8FEEC1DED69B800624E73 /* Assets.xcassets */; };
		48A8FEF01DED69B800624E73 /* LaunchScreen.storyboard in Resources */ = {isa = PBXBuildFile; fileRef = 48A8FEEE1DED69B800624E73 /* LaunchScreen.storyboard */; };
		48A8FF061DED727D00624E73 /* MainController.m in Sources */ = {isa = PBXBuildFile; fileRef = 48A8FF051DED727D00624E73 /* MainController.m */; };
		48A8FF091DED734700624E73 /* TableViewController.m in Sources */ = {isa = PBXBuildFile; fileRef = 48A8FF081DED734700624E73 /* TableViewController.m */; };
		48A8FF0C1DED795B00624E73 /* HeaderFooterView.m in Sources */ = {isa = PBXBuildFile; fileRef = 48A8FF0B1DED795B00624E73 /* HeaderFooterView.m */; };
		48A8FF0F1DED7B3200624E73 /* TableViewCell.m in Sources */ = {isa = PBXBuildFile; fileRef = 48A8FF0E1DED7B3200624E73 /* TableViewCell.m */; };
/* End PBXBuildFile section */

/* Begin PBXFileReference section */
		48A8FEDA1DED69B800624E73 /* headerView.app */ = {isa = PBXFileReference; explicitFileType = wrapper.application; includeInIndex = 0; path = headerView.app; sourceTree = BUILT_PRODUCTS_DIR; };
		48A8FEDE1DED69B800624E73 /* main.m */ = {isa = PBXFileReference; lastKnownFileType = sourcecode.c.objc; path = main.m; sourceTree = "<group>"; };
		48A8FEE01DED69B800624E73 /* AppDelegate.h */ = {isa = PBXFileReference; lastKnownFileType = sourcecode.c.h; name = AppDelegate.h; path = ../../AppDelegate.h; sourceTree = "<group>"; };
		48A8FEE11DED69B800624E73 /* AppDelegate.m */ = {isa = PBXFileReference; lastKnownFileType = sourcecode.c.objc; name = AppDelegate.m; path = ../../AppDelegate.m; sourceTree = "<group>"; };
		48A8FEEA1DED69B800624E73 /* headerView.xcdatamodel */ = {isa = PBXFileReference; lastKnownFileType = wrapper.xcdatamodel; path = headerView.xcdatamodel; sourceTree = "<group>"; };
		48A8FEEC1DED69B800624E73 /* Assets.xcassets */ = {isa = PBXFileReference; lastKnownFileType = folder.assetcatalog; path = Assets.xcassets; sourceTree = "<group>"; };
		48A8FEEF1DED69B800624E73 /* Base */ = {isa = PBXFileReference; lastKnownFileType = file.storyboard; name = Base; path = Base.lproj/LaunchScreen.storyboard; sourceTree = "<group>"; };
		48A8FEF11DED69B800624E73 /* Info.plist */ = {isa = PBXFileReference; lastKnownFileType = text.plist.xml; path = Info.plist; sourceTree = "<group>"; };
		48A8FF041DED727D00624E73 /* MainController.h */ = {isa = PBXFileReference; fileEncoding = 4; lastKnownFileType = sourcecode.c.h; path = MainController.h; sourceTree = "<group>"; };
		48A8FF051DED727D00624E73 /* MainController.m */ = {isa = PBXFileReference; fileEncoding = 4; lastKnownFileType = sourcecode.c.objc; path = MainController.m; sourceTree = "<group>"; };
		48A8FF071DED734700624E73 /* TableViewController.h */ = {isa = PBXFileReference; fileEncoding = 4; lastKnownFileType = sourcecode.c.h; path = TableViewController.h; sourceTree = "<group>"; };
		48A8FF081DED734700624E73 /* TableViewController.m */ = {isa = PBXFileReference; fileEncoding = 4; lastKnownFileType = sourcecode.c.objc; path = TableViewController.m; sourceTree = "<group>"; };
		48A8FF0A1DED795B00624E73 /* HeaderFooterView.h */ = {isa = PBXFileReference; fileEncoding = 4; lastKnownFileType = sourcecode.c.h; path = HeaderFooterView.h; sourceTree = "<group>"; };
		48A8FF0B1DED795B00624E73 /* HeaderFooterView.m */ = {isa = PBXFileReference; fileEncoding = 4; lastKnownFileType = sourcecode.c.objc; path = HeaderFooterView.m; sourceTree = "<group>"; };
		48A8FF0D1DED7B3200624E73 /* TableViewCell.h */ = {isa = PBXFileReference; fileEncoding = 4; lastKnownFileType = sourcecode.c.h; path = TableViewCell.h; sourceTree = "<group>"; };
		48A8FF0E1DED7B3200624E73 /* TableViewCell.m */ = {isa = PBXFileReference; fileEncoding = 4; lastKnownFileType = sourcecode.c.objc; path = TableViewCell.m; sourceTree = "<group>"; };
/* End PBXFileReference section */

/* Begin PBXFrameworksBuildPhase section */
		48A8FED71DED69B800624E73 /* Frameworks */ = {
			isa = PBXFrameworksBuildPhase;
			buildActionMask = 2147483647;
			files = (
			);
			runOnlyForDeploymentPostprocessing = 0;
		};
/* End PBXFrameworksBuildPhase section */

/* Begin PBXGroup section */
		48A8FED11DED69B800624E73 = {
			isa = PBXGroup;
			children = (
				48A8FEDC1DED69B800624E73 /* headerView */,
				48A8FEDB1DED69B800624E73 /* Products */,
			);
			sourceTree = "<group>";
		};
		48A8FEDB1DED69B800624E73 /* Products */ = {
			isa = PBXGroup;
			children = (
				48A8FEDA1DED69B800624E73 /* headerView.app */,
			);
			name = Products;
			sourceTree = "<group>";
		};
		48A8FEDC1DED69B800624E73 /* headerView */ = {
			isa = PBXGroup;
			children = (
				48A8FEF71DED69E800624E73 /* Class */,
				48A8FEEC1DED69B800624E73 /* Assets.xcassets */,
				48A8FEDD1DED69B800624E73 /* Supporting Files */,
			);
			path = headerView;
			sourceTree = "<group>";
		};
		48A8FEDD1DED69B800624E73 /* Supporting Files */ = {
			isa = PBXGroup;
			children = (
				48A8FEEE1DED69B800624E73 /* LaunchScreen.storyboard */,
				48A8FEF11DED69B800624E73 /* Info.plist */,
				48A8FEE91DED69B800624E73 /* headerView.xcdatamodeld */,
				48A8FEDE1DED69B800624E73 /* main.m */,
			);
			name = "Supporting Files";
			sourceTree = "<group>";
		};
		48A8FEF71DED69E800624E73 /* Class */ = {
			isa = PBXGroup;
			children = (
				48A8FEF81DED69E800624E73 /* Controller */,
				48A8FEF91DED69E800624E73 /* Model */,
				48A8FEFA1DED69E800624E73 /* View */,
			);
			path = Class;
			sourceTree = "<group>";
		};
		48A8FEF81DED69E800624E73 /* Controller */ = {
			isa = PBXGroup;
			children = (
				48A8FEE01DED69B800624E73 /* AppDelegate.h */,
				48A8FEE11DED69B800624E73 /* AppDelegate.m */,
				48A8FF071DED734700624E73 /* TableViewController.h */,
				48A8FF081DED734700624E73 /* TableViewController.m */,
				48A8FF0A1DED795B00624E73 /* HeaderFooterView.h */,
				48A8FF0B1DED795B00624E73 /* HeaderFooterView.m */,
				48A8FF041DED727D00624E73 /* MainController.h */,
				48A8FF051DED727D00624E73 /* MainController.m */,
			);
			path = Controller;
			sourceTree = "<group>";
		};
		48A8FEF91DED69E800624E73 /* Model */ = {
			isa = PBXGroup;
			children = (
			);
			path = Model;
			sourceTree = "<group>";
		};
		48A8FEFA1DED69E800624E73 /* View */ = {
			isa = PBXGroup;
			children = (
				48A8FF0D1DED7B3200624E73 /* TableViewCell.h */,
				48A8FF0E1DED7B3200624E73 /* TableViewCell.m */,
			);
			path = View;
			sourceTree = "<group>";
		};
/* End PBXGroup section */

/* Begin PBXNativeTarget section */
		48A8FED91DED69B800624E73 /* headerView */ = {
			isa = PBXNativeTarget;
			buildConfigurationList = 48A8FEF41DED69B800624E73 /* Build configuration list for PBXNativeTarget "headerView" */;
			buildPhases = (
				48A8FED61DED69B800624E73 /* Sources */,
				48A8FED71DED69B800624E73 /* Frameworks */,
				48A8FED81DED69B800624E73 /* Resources */,
			);
			buildRules = (
			);
			dependencies = (
			);
			name = headerView;
			productName = headerView;
			productReference = 48A8FEDA1DED69B800624E73 /* headerView.app */;
			productType = "com.apple.product-type.application";
		};
/* End PBXNativeTarget section */

/* Begin PBXProject section */
		48A8FED21DED69B800624E73 /* Project object */ = {
			isa = PBXProject;
			attributes = {
				LastUpgradeCheck = 0810;
				ORGANIZATIONNAME = super;
				TargetAttributes = {
					48A8FED91DED69B800624E73 = {
						CreatedOnToolsVersion = 8.1;
						DevelopmentTeam = 6WQHFB5TT9;
						ProvisioningStyle = Automatic;
					};
				};
			};
			buildConfigurationList = 48A8FED51DED69B800624E73 /* Build configuration list for PBXProject "headerView" */;
			compatibilityVersion = "Xcode 3.2";
			developmentRegion = English;
			hasScannedForEncodings = 0;
			knownRegions = (
				en,
				Base,
			);
			mainGroup = 48A8FED11DED69B800624E73;
			productRefGroup = 48A8FEDB1DED69B800624E73 /* Products */;
			projectDirPath = "";
			projectRoot = "";
			targets = (
				48A8FED91DED69B800624E73 /* headerView */,
			);
		};
/* End PBXProject section */

/* Begin PBXResourcesBuildPhase section */
		48A8FED81DED69B800624E73 /* Resources */ = {
			isa = PBXResourcesBuildPhase;
			buildActionMask = 2147483647;
			files = (
				48A8FEF01DED69B800624E73 /* LaunchScreen.storyboard in Resources */,
				48A8FEED1DED69B800624E73 /* Assets.xcassets in Resources */,
			);
			runOnlyForDeploymentPostprocessing = 0;
		};
/* End PBXResourcesBuildPhase section */

/* Begin PBXSourcesBuildPhase section */
		48A8FED61DED69B800624E73 /* Sources */ = {
			isa = PBXSourcesBuildPhase;
			buildActionMask = 2147483647;
			files = (
				48A8FF0F1DED7B3200624E73 /* TableViewCell.m in Sources */,
				48A8FF061DED727D00624E73 /* MainController.m in Sources */,
				48A8FEE21DED69B800624E73 /* AppDelegate.m in Sources */,
				48A8FEDF1DED69B800624E73 /* main.m in Sources */,
				48A8FF091DED734700624E73 /* TableViewController.m in Sources */,
				48A8FF0C1DED795B00624E73 /* HeaderFooterView.m in Sources */,
				48A8FEEB1DED69B800624E73 /* headerView.xcdatamodeld in Sources */,
			);
			runOnlyForDeploymentPostprocessing = 0;
		};
/* End PBXSourcesBuildPhase section */

/* Begin PBXVariantGroup section */
		48A8FEEE1DED69B800624E73 /* LaunchScreen.storyboard */ = {
			isa = PBXVariantGroup;
			children = (
				48A8FEEF1DED69B800624E73 /* Base */,
			);
			name = LaunchScreen.storyboard;
			sourceTree = "<group>";
		};
/* End PBXVariantGroup section */

/* Begin XCBuildConfiguration section */
		48A8FEF21DED69B800624E73 /* Debug */ = {
			isa = XCBuildConfiguration;
			buildSettings = {
				ALWAYS_SEARCH_USER_PATHS = NO;
				CLANG_ANALYZER_NONNULL = YES;
				CLANG_CXX_LANGUAGE_STANDARD = "gnu++0x";
				CLANG_CXX_LIBRARY = "libc++";
				CLANG_ENABLE_MODULES = YES;
				CLANG_ENABLE_OBJC_ARC = YES;
				CLANG_WARN_BOOL_CONVERSION = YES;
				CLANG_WARN_CONSTANT_CONVERSION = YES;
				CLANG_WARN_DIRECT_OBJC_ISA_USAGE = YES_ERROR;
				CLANG_WARN_DOCUMENTATION_COMMENTS = YES;
				CLANG_WARN_EMPTY_BODY = YES;
				CLANG_WARN_ENUM_CONVERSION = YES;
				CLANG_WARN_INFINITE_RECURSION = YES;
				CLANG_WARN_INT_CONVERSION = YES;
				CLANG_WARN_OBJC_ROOT_CLASS = YES_ERROR;
				CLANG_WARN_SUSPICIOUS_MOVES = YES;
				CLANG_WARN_UNREACHABLE_CODE = YES;
				CLANG_WARN__DUPLICATE_METHOD_MATCH = YES;
				"CODE_SIGN_IDENTITY[sdk=iphoneos*]" = "iPhone Developer";
				COPY_PHASE_STRIP = NO;
				DEBUG_INFORMATION_FORMAT = dwarf;
				ENABLE_STRICT_OBJC_MSGSEND = YES;
				ENABLE_TESTABILITY = YES;
				GCC_C_LANGUAGE_STANDARD = gnu99;
				GCC_DYNAMIC_NO_PIC = NO;
				GCC_NO_COMMON_BLOCKS = YES;
				GCC_OPTIMIZATION_LEVEL = 0;
				GCC_PREPROCESSOR_DEFINITIONS = (
					"DEBUG=1",
					"$(inherited)",
				);
				GCC_WARN_64_TO_32_BIT_CONVERSION = YES;
				GCC_WARN_ABOUT_RETURN_TYPE = YES_ERROR;
				GCC_WARN_UNDECLARED_SELECTOR = YES;
				GCC_WARN_UNINITIALIZED_AUTOS = YES_AGGRESSIVE;
				GCC_WARN_UNUSED_FUNCTION = YES;
				GCC_WARN_UNUSED_VARIABLE = YES;
				IPHONEOS_DEPLOYMENT_TARGET = 10.1;
				MTL_ENABLE_DEBUG_INFO = YES;
				ONLY_ACTIVE_ARCH = YES;
				SDKROOT = iphoneos;
			};
			name = Debug;
		};
		48A8FEF31DED69B800624E73 /* Release */ = {
			isa = XCBuildConfiguration;
			buildSettings = {
				ALWAYS_SEARCH_USER_PATHS = NO;
				CLANG_ANALYZER_NONNULL = YES;
				CLANG_CXX_LANGUAGE_STANDARD = "gnu++0x";
				CLANG_CXX_LIBRARY = "libc++";
				CLANG_ENABLE_MODULES = YES;
				CLANG_ENABLE_OBJC_ARC = YES;
				CLANG_WARN_BOOL_CONVERSION = YES;
				CLANG_WARN_CONSTANT_CONVERSION = YES;
				CLANG_WARN_DIRECT_OBJC_ISA_USAGE = YES_ERROR;
				CLANG_WARN_DOCUMENTATION_COMMENTS = YES;
				CLANG_WARN_EMPTY_BODY = YES;
				CLANG_WARN_ENUM_CONVERSION = YES;
				CLANG_WARN_INFINITE_RECURSION = YES;
				CLANG_WARN_INT_CONVERSION = YES;
				CLANG_WARN_OBJC_ROOT_CLASS = YES_ERROR;
				CLANG_WARN_SUSPICIOUS_MOVES = YES;
				CLANG_WARN_UNREACHABLE_CODE = YES;
				CLANG_WARN__DUPLICATE_METHOD_MATCH = YES;
				"CODE_SIGN_IDENTITY[sdk=iphoneos*]" = "iPhone Developer";
				COPY_PHASE_STRIP = NO;
				DEBUG_INFORMATION_FORMAT = "dwarf-with-dsym";
				ENABLE_NS_ASSERTIONS = NO;
				ENABLE_STRICT_OBJC_MSGSEND = YES;
				GCC_C_LANGUAGE_STANDARD = gnu99;
				GCC_NO_COMMON_BLOCKS = YES;
				GCC_WARN_64_TO_32_BIT_CONVERSION = YES;
				GCC_WARN_ABOUT_RETURN_TYPE = YES_ERROR;
				GCC_WARN_UNDECLARED_SELECTOR = YES;
				GCC_WARN_UNINITIALIZED_AUTOS = YES_AGGRESSIVE;
				GCC_WARN_UNUSED_FUNCTION = YES;
				GCC_WARN_UNUSED_VARIABLE = YES;
				IPHONEOS_DEPLOYMENT_TARGET = 10.1;
				MTL_ENABLE_DEBUG_INFO = NO;
				SDKROOT = iphoneos;
				VALIDATE_PRODUCT = YES;
			};
			name = Release;
		};
		48A8FEF51DED69B800624E73 /* Debug */ = {
			isa = XCBuildConfiguration;
			buildSettings = {
				ASSETCATALOG_COMPILER_APPICON_NAME = AppIcon;
				DEVELOPMENT_TEAM = 6WQHFB5TT9;
				INFOPLIST_FILE = headerView/Info.plist;
				LD_RUNPATH_SEARCH_PATHS = "$(inherited) @executable_path/Frameworks";
				PRODUCT_BUNDLE_IDENTIFIER = com.chilment.shenzhenyinxiang.headerView;
				PRODUCT_NAME = "$(TARGET_NAME)";
			};
			name = Debug;
		};
		48A8FEF61DED69B800624E73 /* Release */ = {
			isa = XCBuildConfiguration;
			buildSettings = {
				ASSETCATALOG_COMPILER_APPICON_NAME = AppIcon;
				DEVELOPMENT_TEAM = 6WQHFB5TT9;
				INFOPLIST_FILE = headerView/Info.plist;
				LD_RUNPATH_SEARCH_PATHS = "$(inherited) @executable_path/Frameworks";
				PRODUCT_BUNDLE_IDENTIFIER = com.chilment.shenzhenyinxiang.headerView;
				PRODUCT_NAME = "$(TARGET_NAME)";
			};
			name = Release;
		};
/* End XCBuildConfiguration section */

/* Begin XCConfigurationList section */
		48A8FED51DED69B800624E73 /* Build configuration list for PBXProject "headerView" */ = {
			isa = XCConfigurationList;
			buildConfigurations = (
				48A8FEF21DED69B800624E73 /* Debug */,
				48A8FEF31DED69B800624E73 /* Release */,
			);
			defaultConfigurationIsVisible = 0;
			defaultConfigurationName = Release;
		};
		48A8FEF41DED69B800624E73 /* Build configuration list for PBXNativeTarget "headerView" */ = {
			isa = XCConfigurationList;
			buildConfigurations = (
				48A8FEF51DED69B800624E73 /* Debug */,
				48A8FEF61DED69B800624E73 /* Release */,
			);
			defaultConfigurationIsVisible = 0;
			defaultConfigurationName = Release;
		};
/* End XCConfigurationList section */

/* Begin XCVersionGroup section */
		48A8FEE91DED69B800624E73 /* headerView.xcdatamodeld */ = {
			isa = XCVersionGroup;
			children = (
				48A8FEEA1DED69B800624E73 /* headerView.xcdatamodel */,
			);
			currentVersion = 48A8FEEA1DED69B800624E73 /* headerView.xcdatamodel */;
			path = headerView.xcdatamodeld;
			sourceTree = "<group>";
			versionGroupType = wrapper.xcdatamodel;
		};
/* End XCVersionGroup section */
	};
	rootObject = 48A8FED21DED69B800624E73 /* Project object */;
}
